
Microsoft Visual Studio Solution File, Format Version 12.00
# Visual Studio Version 17
VisualStudioVersion = 17.2.32602.215
MinimumVisualStudioVersion = 10.0.40219.1
Project("{FAE04EC0-301F-11D3-BF4B-00C04F79EFBC}") = "food-truck-api", "food-truck-api.csproj", "{66BAC3CB-DF2C-447E-9D06-5196B99ACBDC}"
EndProject
Global
	GlobalSection(SolutionConfigurationPlatforms) = preSolution
		Debug|Any CPU = Debug|Any CPU
		Release|Any CPU = Release|Any CPU
	EndGlobalSection
	GlobalSection(ProjectConfigurationPlatforms) = postSolution
		{66BAC3CB-DF2C-447E-9D06-5196B99ACBDC}.Debug|Any CPU.ActiveCfg = Debug|Any CPU
		{66BAC3CB-DF2C-447E-9D06-5196B99ACBDC}.Debug|Any CPU.Build.0 = Debug|Any CPU
		{66BAC3CB-DF2C-447E-9D06-5196B99ACBDC}.Release|Any CPU.ActiveCfg = Release|Any CPU
		{66BAC3CB-DF2C-447E-9D06-5196B99ACBDC}.Release|Any CPU.Build.0 = Release|Any CPU
	EndGlobalSection
	GlobalSection(SolutionProperties) = preSolution
		HideSolutionNode = FALSE
	EndGlobalSection
	GlobalSection(ExtensibilityGlobals) = postSolution
		SolutionGuid = {BB0855D5-38FE-4D6E-ABB1-6893CA377410}
	EndGlobalSection
EndGlobal
